
Microsoft Visual Studio Solution File, Format Version 12.00
# Visual Studio Version 17
VisualStudioVersion = 17.13.35931.197 d17.13
MinimumVisualStudioVersion = 10.0.40219.1
Project("{FAE04EC0-301F-11D3-BF4B-00C04F79EFBC}") = "ASPCoreCodeFirstApproachEFCore", "ASPCoreCodeFirstApproachEFCore\ASPCoreCodeFirstApproachEFCore.csproj", "{69ABEBE3-66E6-4FC2-B4C6-0B8EF04640CA}"
EndProject
Global
	GlobalSection(SolutionConfigurationPlatforms) = preSolution
		Debug|Any CPU = Debug|Any CPU
		Release|Any CPU = Release|Any CPU
	EndGlobalSection
	GlobalSection(ProjectConfigurationPlatforms) = postSolution
		{69ABEBE3-66E6-4FC2-B4C6-0B8EF04640CA}.Debug|Any CPU.ActiveCfg = Debug|Any CPU
		{69ABEBE3-66E6-4FC2-B4C6-0B8EF04640CA}.Debug|Any CPU.Build.0 = Debug|Any CPU
		{69ABEBE3-66E6-4FC2-B4C6-0B8EF04640CA}.Release|Any CPU.ActiveCfg = Release|Any CPU
		{69ABEBE3-66E6-4FC2-B4C6-0B8EF04640CA}.Release|Any CPU.Build.0 = Release|Any CPU
	EndGlobalSection
	GlobalSection(SolutionProperties) = preSolution
		HideSolutionNode = FALSE
	EndGlobalSection
	GlobalSection(ExtensibilityGlobals) = postSolution
		SolutionGuid = {BF957576-643C-4C7B-84A4-3BE4FA09DBE2}
	EndGlobalSection
EndGlobal
